
Microsoft Visual Studio Solution File, Format Version 11.00
# Visual Studio 2010
Project("{FAE04EC0-301F-11D3-BF4B-00C04F79EFBC}") = "UniGPU", "UniGPU.csproj", "{D4E5C949-540D-4575-8055-8C348B9919DC}"
EndProject
Project("{FAE04EC0-301F-11D3-BF4B-00C04F79EFBC}") = "UniGPUTest", "Test\UniGPUTest.csproj", "{BCF26CC1-2D8B-4B31-B762-33256756BC50}"
EndProject
Global
	GlobalSection(SolutionConfigurationPlatforms) = preSolution
		Debug|Any CPU = Debug|Any CPU
		Release|Any CPU = Release|Any CPU
		Default|Any CPU = Default|Any CPU
		Debug|x86 = Debug|x86
		Release|x86 = Release|x86
		Debug|x64 = Debug|x64
		Release|x64 = Release|x64
	EndGlobalSection
	GlobalSection(ProjectConfigurationPlatforms) = postSolution
		{BCF26CC1-2D8B-4B31-B762-33256756BC50}.Debug|Any CPU.ActiveCfg = Debug|Any CPU
		{BCF26CC1-2D8B-4B31-B762-33256756BC50}.Debug|Any CPU.Build.0 = Debug|Any CPU
		{BCF26CC1-2D8B-4B31-B762-33256756BC50}.Default|Any CPU.ActiveCfg = Debug|Any CPU
		{BCF26CC1-2D8B-4B31-B762-33256756BC50}.Default|Any CPU.Build.0 = Debug|Any CPU
		{BCF26CC1-2D8B-4B31-B762-33256756BC50}.Release|Any CPU.ActiveCfg = Release|Any CPU
		{BCF26CC1-2D8B-4B31-B762-33256756BC50}.Release|Any CPU.Build.0 = Release|Any CPU
		{D4E5C949-540D-4575-8055-8C348B9919DC}.Debug|Any CPU.ActiveCfg = Debug|Any CPU
		{D4E5C949-540D-4575-8055-8C348B9919DC}.Debug|Any CPU.Build.0 = Debug|Any CPU
		{D4E5C949-540D-4575-8055-8C348B9919DC}.Release|Any CPU.ActiveCfg = Release|Any CPU
		{D4E5C949-540D-4575-8055-8C348B9919DC}.Release|Any CPU.Build.0 = Release|Any CPU
	EndGlobalSection
	GlobalSection(MonoDevelopProperties) = preSolution
		StartupItem = UniGPU.csproj
		Policies = $0
		$0.TextStylePolicy = $1
		$1.FileWidth = 120
		$1.TabWidth = 4
		$1.NoTabsAfterNonTabs = True
		$1.EolMarker = Unix
		$1.inheritsSet = Mono
		$1.inheritsScope = text/plain
		$1.scope = text/x-csharp
		$0.CSharpFormattingPolicy = $2
		$2.IndentSwitchBody = True
		$2.AnonymousMethodBraceStyle = NextLine
		$2.PropertyBraceStyle = NextLine
		$2.PropertyGetBraceStyle = NextLine
		$2.PropertySetBraceStyle = NextLine
		$2.EventBraceStyle = NextLine
		$2.EventAddBraceStyle = NextLine
		$2.EventRemoveBraceStyle = NextLine
		$2.StatementBraceStyle = NextLine
		$2.BeforeMethodDeclarationParentheses = False
		$2.BeforeMethodCallParentheses = False
		$2.BeforeConstructorDeclarationParentheses = False
		$2.BeforeDelegateDeclarationParentheses = False
		$2.NewParentheses = False
		$2.inheritsSet = Mono
		$2.inheritsScope = text/x-csharp
		$2.scope = text/x-csharp
	EndGlobalSection
EndGlobal
